
Microsoft Visual Studio Solution File, Format Version 12.00
# Visual Studio Version 17
VisualStudioVersion = 17.5.002.0
MinimumVisualStudioVersion = 10.0.40219.1
Project("{9A19103F-16F7-4668-BE54-9A1E7A4F7556}") = "RazorbladeTyphoonProgress", "RazorbladeTyphoonProgress.csproj", "{8A712C9A-6E0F-47EC-8E09-9FA7FA059F81}"
EndProject
Global
	GlobalSection(SolutionConfigurationPlatforms) = preSolution
		Debug|Any CPU = Debug|Any CPU
		Release|Any CPU = Release|Any CPU
	EndGlobalSection
	GlobalSection(ProjectConfigurationPlatforms) = postSolution
		{8A712C9A-6E0F-47EC-8E09-9FA7FA059F81}.Debug|Any CPU.ActiveCfg = Debug|Any CPU
		{8A712C9A-6E0F-47EC-8E09-9FA7FA059F81}.Debug|Any CPU.Build.0 = Debug|Any CPU
		{8A712C9A-6E0F-47EC-8E09-9FA7FA059F81}.Release|Any CPU.ActiveCfg = Release|Any CPU
		{8A712C9A-6E0F-47EC-8E09-9FA7FA059F81}.Release|Any CPU.Build.0 = Release|Any CPU
	EndGlobalSection
	GlobalSection(SolutionProperties) = preSolution
		HideSolutionNode = FALSE
	EndGlobalSection
	GlobalSection(ExtensibilityGlobals) = postSolution
		SolutionGuid = {BE7DD248-49E3-44C5-A39A-694AAFBD31D8}
	EndGlobalSection
EndGlobal
